<?xml version="1.0" encoding="utf-8"?>
<Project ToolsVersion="4.0" xmlns="http://schemas.microsoft.com/developer/msbuild/2003">
  <ItemGroup>
    <Filter Include="scripts">
      <UniqueIdentifier>{abf8441e-4913-4a92-a971-afd5f60016b2}</UniqueIdentifier>
    </Filter>
    <Filter Include="src">
      <UniqueIdentifier>{608055a8-4042-42aa-9ed8-10a03c58182c}</UniqueIdentifier>
    </Filter>
    <Filter Include="src\engine">
      <UniqueIdentifier>{6403641b-29bb-454b-8317-f9cd8798f716}</UniqueIdentifier>
    </Filter>
    <Filter Include="src\ecs">
      <UniqueIdentifier>{ca850905-3a39-4f5c-92e6-72741575a72b}</UniqueIdentifier>
    </Filter>
    <Filter Include="src\components">
      <UniqueIdentifier>{923d39f6-6dbf-4289-92d4-33c50a58d555}</UniqueIdentifier>
    </Filter>
    <Filter Include="src\systems">
      <UniqueIdentifier>{46218c7e-e943-4c3a-9c19-4b701aa08bf5}</UniqueIdentifier>
    </Filter>
    <Filter Include="src\engine\core">
      <UniqueIdentifier>{36529d40-b066-4f26-976f-5dfd61d3c718}</UniqueIdentifier>
    </Filter>
    <Filter Include="src\engine\api">
      <UniqueIdentifier>{b5723b96-0d0f-47a6-9162-c20613055e9c}</UniqueIdentifier>
    </Filter>
    <Filter Include="src\engine\factories">
      <UniqueIdentifier>{c0a725d5-8e95-4843-bc3f-7b444d26b920}</UniqueIdentifier>
    </Filter>
  </ItemGroup>
  <ItemGroup>
    <ClInclude Include="src\ecs\Component.h">
      <Filter>src\ecs</Filter>
    </ClInclude>
    <ClInclude Include="src\ecs\Entity.h">
      <Filter>src\ecs</Filter>
    </ClInclude>
    <ClInclude Include="src\ecs\UniqueId.h">
      <Filter>src\ecs</Filter>
    </ClInclude>
    <ClInclude Include="src\components\InputComponent.h">
      <Filter>src\components</Filter>
    </ClInclude>
    <ClInclude Include="src\components\PositionComponent.h">
      <Filter>src\components</Filter>
    </ClInclude>
    <ClInclude Include="src\components\SpriteComponent.h">
      <Filter>src\components</Filter>
    </ClInclude>
    <ClInclude Include="src\systems\RenderingSystem.h">
      <Filter>src\systems</Filter>
    </ClInclude>
    <ClInclude Include="src\systems\SimpleUpdater.h">
      <Filter>src\systems</Filter>
    </ClInclude>
    <ClInclude Include="src\ecs\System.h">
      <Filter>src\ecs</Filter>
    </ClInclude>
    <ClInclude Include="src\systems\Renderer.h">
      <Filter>src\systems</Filter>
    </ClInclude>
    <ClInclude Include="src\systems\Updater.h">
      <Filter>src\systems</Filter>
    </ClInclude>
    <ClInclude Include="src\engine\core\Command.h">
      <Filter>src\engine\core</Filter>
    </ClInclude>
    <ClInclude Include="src\engine\core\Engine.h">
      <Filter>src\engine\core</Filter>
    </ClInclude>
    <ClInclude Include="src\engine\core\GameState.h">
      <Filter>src\engine\core</Filter>
    </ClInclude>
    <ClInclude Include="src\engine\core\GameStateMachine.h">
      <Filter>src\engine\core</Filter>
    </ClInclude>
    <ClInclude Include="src\engine\core\ResourceHolder.h">
      <Filter>src\engine\core</Filter>
    </ClInclude>
    <ClInclude Include="src\engine\core\World.h">
      <Filter>src\engine\core</Filter>
    </ClInclude>
    <ClInclude Include="src\engine\factories\GSMLoader.h">
      <Filter>src\engine\factories</Filter>
    </ClInclude>
    <ClInclude Include="src\engine\factories\GSMLoaderImpl.h">
      <Filter>src\engine\factories</Filter>
    </ClInclude>
    <ClInclude Include="src\engine\factories\MenuStateFactory.h">
      <Filter>src\engine\factories</Filter>
    </ClInclude>
    <ClInclude Include="src\engine\factories\PausedStateFactory.h">
      <Filter>src\engine\factories</Filter>
    </ClInclude>
    <ClInclude Include="src\engine\factories\PlayingStateFactory.h">
      <Filter>src\engine\factories</Filter>
    </ClInclude>
    <ClInclude Include="src\engine\factories\TexturesLoader.h">
      <Filter>src\engine\factories</Filter>
    </ClInclude>
    <ClInclude Include="src\engine\factories\TexturesLoaderImpl.h">
      <Filter>src\engine\factories</Filter>
    </ClInclude>
    <ClInclude Include="src\engine\factories\WindowLoader.h">
      <Filter>src\engine\factories</Filter>
    </ClInclude>
    <ClInclude Include="src\engine\factories\WindowLoaderImpl.h">
      <Filter>src\engine\factories</Filter>
    </ClInclude>
    <ClInclude Include="src\engine\factories\WorldLoader.h">
      <Filter>src\engine\factories</Filter>
    </ClInclude>
    <ClInclude Include="src\engine\factories\WorldLoaderImpl.h">
      <Filter>src\engine\factories</Filter>
    </ClInclude>
    <ClInclude Include="src\engine\core\Context.h">
      <Filter>src\engine\core</Filter>
    </ClInclude>
    <ClInclude Include="src\systems\InputUpdater.h">
      <Filter>src\systems</Filter>
    </ClInclude>
  </ItemGroup>
  <ItemGroup>
    <ClCompile Include="src\ecs\Component.cpp">
      <Filter>src\ecs</Filter>
    </ClCompile>
    <ClCompile Include="src\ecs\Entity.cpp">
      <Filter>src\ecs</Filter>
    </ClCompile>
    <ClCompile Include="src\components\InputComponent.cpp">
      <Filter>src\components</Filter>
    </ClCompile>
    <ClCompile Include="src\components\SpriteComponent.cpp">
      <Filter>src\components</Filter>
    </ClCompile>
    <ClCompile Include="src\systems\RenderingSystem.cpp">
      <Filter>src\systems</Filter>
    </ClCompile>
    <ClCompile Include="src\systems\SimpleUpdater.cpp">
      <Filter>src\systems</Filter>
    </ClCompile>
    <ClCompile Include="src\main.cpp">
      <Filter>src</Filter>
    </ClCompile>
    <ClCompile Include="src\engine\core\Engine.cpp">
      <Filter>src\engine\core</Filter>
    </ClCompile>
    <ClCompile Include="src\engine\core\GameState.cpp">
      <Filter>src\engine\core</Filter>
    </ClCompile>
    <ClCompile Include="src\engine\core\GameStateMachine.cpp">
      <Filter>src\engine\core</Filter>
    </ClCompile>
    <ClCompile Include="src\engine\core\World.cpp">
      <Filter>src\engine\core</Filter>
    </ClCompile>
    <ClCompile Include="src\engine\factories\GSMLoaderImpl.cpp">
      <Filter>src\engine\factories</Filter>
    </ClCompile>
    <ClCompile Include="src\engine\factories\MenuStateFactory.cpp">
      <Filter>src\engine\factories</Filter>
    </ClCompile>
    <ClCompile Include="src\engine\factories\PausedStateFactory.cpp">
      <Filter>src\engine\factories</Filter>
    </ClCompile>
    <ClCompile Include="src\engine\factories\PlayingStateFactory.cpp">
      <Filter>src\engine\factories</Filter>
    </ClCompile>
    <ClCompile Include="src\engine\factories\TexturesLoaderImpl.cpp">
      <Filter>src\engine\factories</Filter>
    </ClCompile>
    <ClCompile Include="src\engine\factories\WindowLoaderImpl.cpp">
      <Filter>src\engine\factories</Filter>
    </ClCompile>
    <ClCompile Include="src\engine\factories\WorldLoaderImpl.cpp">
      <Filter>src\engine\factories</Filter>
    </ClCompile>
    <ClCompile Include="src\systems\InputUpdater.cpp">
      <Filter>src\systems</Filter>
    </ClCompile>
    <ClCompile Include="src\systems\Updater.cpp">
      <Filter>src\systems</Filter>
    </ClCompile>
  </ItemGroup>
</Project>