<?xml version="1.0" encoding="utf-8"?>
<Project ToolsVersion="4.0" xmlns="http://schemas.microsoft.com/developer/msbuild/2003">
  <ItemGroup>
    <Filter Include="scripts">
      <UniqueIdentifier>{abf8441e-4913-4a92-a971-afd5f60016b2}</UniqueIdentifier>
    </Filter>
    <Filter Include="src">
      <UniqueIdentifier>{608055a8-4042-42aa-9ed8-10a03c58182c}</UniqueIdentifier>
    </Filter>
    <Filter Include="src\engine">
      <UniqueIdentifier>{6403641b-29bb-454b-8317-f9cd8798f716}</UniqueIdentifier>
    </Filter>
    <Filter Include="src\ecs">
      <UniqueIdentifier>{ca850905-3a39-4f5c-92e6-72741575a72b}</UniqueIdentifier>
    </Filter>
    <Filter Include="src\components">
      <UniqueIdentifier>{923d39f6-6dbf-4289-92d4-33c50a58d555}</UniqueIdentifier>
    </Filter>
    <Filter Include="src\systems">
      <UniqueIdentifier>{46218c7e-e943-4c3a-9c19-4b701aa08bf5}</UniqueIdentifier>
    </Filter>
  </ItemGroup>
  <ItemGroup>
    <ClInclude Include="src\engine\Command.h">
      <Filter>src\engine</Filter>
    </ClInclude>
    <ClInclude Include="src\engine\Engine.h">
      <Filter>src\engine</Filter>
    </ClInclude>
    <ClInclude Include="src\engine\GameState.h">
      <Filter>src\engine</Filter>
    </ClInclude>
    <ClInclude Include="src\engine\GameStateMachine.h">
      <Filter>src\engine</Filter>
    </ClInclude>
    <ClInclude Include="src\engine\ResourceHolder.h">
      <Filter>src\engine</Filter>
    </ClInclude>
    <ClInclude Include="src\engine\SFMLWindow.h">
      <Filter>src\engine</Filter>
    </ClInclude>
    <ClInclude Include="src\engine\SFMLWindowFactory.h">
      <Filter>src\engine</Filter>
    </ClInclude>
    <ClInclude Include="src\ecs\Component.h">
      <Filter>src\ecs</Filter>
    </ClInclude>
    <ClInclude Include="src\ecs\Entity.h">
      <Filter>src\ecs</Filter>
    </ClInclude>
    <ClInclude Include="src\ecs\UniqueId.h">
      <Filter>src\ecs</Filter>
    </ClInclude>
    <ClInclude Include="src\components\InputComponent.h">
      <Filter>src\components</Filter>
    </ClInclude>
    <ClInclude Include="src\components\PositionComponent.h">
      <Filter>src\components</Filter>
    </ClInclude>
    <ClInclude Include="src\components\SpriteComponent.h">
      <Filter>src\components</Filter>
    </ClInclude>
    <ClInclude Include="src\systems\RenderingSystem.h">
      <Filter>src\systems</Filter>
    </ClInclude>
    <ClInclude Include="src\systems\SimpleUpdater.h">
      <Filter>src\systems</Filter>
    </ClInclude>
    <ClInclude Include="src\ecs\System.h">
      <Filter>src\ecs</Filter>
    </ClInclude>
  </ItemGroup>
  <ItemGroup>
    <ClCompile Include="src\engine\Engine.cpp">
      <Filter>src\engine</Filter>
    </ClCompile>
    <ClCompile Include="src\engine\GameState.cpp">
      <Filter>src\engine</Filter>
    </ClCompile>
    <ClCompile Include="src\engine\GameStateMachine.cpp">
      <Filter>src\engine</Filter>
    </ClCompile>
    <ClCompile Include="src\engine\SFMLWindow.cpp">
      <Filter>src\engine</Filter>
    </ClCompile>
    <ClCompile Include="src\engine\SFMLWindowFactory.cpp">
      <Filter>src\engine</Filter>
    </ClCompile>
    <ClCompile Include="src\ecs\Component.cpp">
      <Filter>src\ecs</Filter>
    </ClCompile>
    <ClCompile Include="src\ecs\Entity.cpp">
      <Filter>src\ecs</Filter>
    </ClCompile>
    <ClCompile Include="src\components\InputComponent.cpp">
      <Filter>src\components</Filter>
    </ClCompile>
    <ClCompile Include="src\components\SpriteComponent.cpp">
      <Filter>src\components</Filter>
    </ClCompile>
    <ClCompile Include="src\systems\RenderingSystem.cpp">
      <Filter>src\systems</Filter>
    </ClCompile>
    <ClCompile Include="src\systems\SimpleUpdater.cpp">
      <Filter>src\systems</Filter>
    </ClCompile>
    <ClCompile Include="src\main.cpp">
      <Filter>src</Filter>
    </ClCompile>
  </ItemGroup>
</Project>